// !$*UTF8*$!
{
	archiveVersion = 1;
	classes = {
	};
	objectVersion = 48;
	objects = {

/* Begin PBXBuildFile section */
		104E60131FC1476100F00F3C /* AreaCell.swift in Sources */ = {isa = PBXBuildFile; fileRef = 104E60111FC1476100F00F3C /* AreaCell.swift */; };
		104E60141FC1476100F00F3C /* AreaCell.xib in Resources */ = {isa = PBXBuildFile; fileRef = 104E60121FC1476100F00F3C /* AreaCell.xib */; };
		104E60171FC1507800F00F3C /* RestaurantTableViewCell.swift in Sources */ = {isa = PBXBuildFile; fileRef = 104E60151FC1507700F00F3C /* RestaurantTableViewCell.swift */; };
		104E60181FC1507800F00F3C /* RestaurantTableViewCell.xib in Resources */ = {isa = PBXBuildFile; fileRef = 104E60161FC1507800F00F3C /* RestaurantTableViewCell.xib */; };
		104E601B1FC1529300F00F3C /* RestsVC.swift in Sources */ = {isa = PBXBuildFile; fileRef = 104E60191FC1529300F00F3C /* RestsVC.swift */; };
		104E601C1FC1529300F00F3C /* RestsVC.xib in Resources */ = {isa = PBXBuildFile; fileRef = 104E601A1FC1529300F00F3C /* RestsVC.xib */; };
		10829AF51FBFC4D400C7A507 /* area.json in Resources */ = {isa = PBXBuildFile; fileRef = 10829AF41FBFC4D400C7A507 /* area.json */; };
		10829AF71FBFC4F900C7A507 /* AreaParsedPartial.json in Resources */ = {isa = PBXBuildFile; fileRef = 10829AF61FBFC4F900C7A507 /* AreaParsedPartial.json */; };
		10829AF91FBFC50200C7A507 /* Error.json in Resources */ = {isa = PBXBuildFile; fileRef = 10829AF81FBFC50200C7A507 /* Error.json */; };
		10829AFB1FBFC51400C7A507 /* PrefMaster.json in Resources */ = {isa = PBXBuildFile; fileRef = 10829AFA1FBFC51400C7A507 /* PrefMaster.json */; };
		10829AFD1FBFC53000C7A507 /* response.json in Resources */ = {isa = PBXBuildFile; fileRef = 10829AFC1FBFC53000C7A507 /* response.json */; };
		10829AFE1FBFC53000C7A507 /* response.json in Resources */ = {isa = PBXBuildFile; fileRef = 10829AFC1FBFC53000C7A507 /* response.json */; };
		10829B041FBFC57C00C7A507 /* RestDto.swift in Sources */ = {isa = PBXBuildFile; fileRef = 10829B001FBFC57B00C7A507 /* RestDto.swift */; };
		10829B051FBFC57C00C7A507 /* Area.swift in Sources */ = {isa = PBXBuildFile; fileRef = 10829B011FBFC57B00C7A507 /* Area.swift */; };
		10829B061FBFC57C00C7A507 /* RestInfoDto.swift in Sources */ = {isa = PBXBuildFile; fileRef = 10829B021FBFC57B00C7A507 /* RestInfoDto.swift */; };
		10829B071FBFC57C00C7A507 /* Pref.swift in Sources */ = {isa = PBXBuildFile; fileRef = 10829B031FBFC57C00C7A507 /* Pref.swift */; };
		10829B0D1FBFC58A00C7A507 /* JSONDataParser.swift in Sources */ = {isa = PBXBuildFile; fileRef = 10829B081FBFC58A00C7A507 /* JSONDataParser.swift */; };
		10829B0E1FBFC58A00C7A507 /* DataParser.swift in Sources */ = {isa = PBXBuildFile; fileRef = 10829B091FBFC58A00C7A507 /* DataParser.swift */; };
		10829B0F1FBFC58A00C7A507 /* GurunaviAPI.swift in Sources */ = {isa = PBXBuildFile; fileRef = 10829B0A1FBFC58A00C7A507 /* GurunaviAPI.swift */; };
		10829B101FBFC58A00C7A507 /* FileOrganizer.swift in Sources */ = {isa = PBXBuildFile; fileRef = 10829B0B1FBFC58A00C7A507 /* FileOrganizer.swift */; };
		10829B111FBFC58A00C7A507 /* GurunaviError.swift in Sources */ = {isa = PBXBuildFile; fileRef = 10829B0C1FBFC58A00C7A507 /* GurunaviError.swift */; };
		10829B131FBFC5A300C7A507 /* CommonDefines.swift in Sources */ = {isa = PBXBuildFile; fileRef = 10829B121FBFC5A300C7A507 /* CommonDefines.swift */; };
		10829B191FBFC63600C7A507 /* LoadAreaInfoTests.swift in Sources */ = {isa = PBXBuildFile; fileRef = 10829B141FBFC63500C7A507 /* LoadAreaInfoTests.swift */; };
		10829B1A1FBFC63600C7A507 /* CocoapodsKeyTests.swift in Sources */ = {isa = PBXBuildFile; fileRef = 10829B151FBFC63500C7A507 /* CocoapodsKeyTests.swift */; };
		10829B1B1FBFC63600C7A507 /* SessionTests.swift in Sources */ = {isa = PBXBuildFile; fileRef = 10829B161FBFC63500C7A507 /* SessionTests.swift */; };
		10829B1C1FBFC63600C7A507 /* RestInfoDtoTest.swift in Sources */ = {isa = PBXBuildFile; fileRef = 10829B171FBFC63500C7A507 /* RestInfoDtoTest.swift */; };
		10829B1D1FBFC63600C7A507 /* GurunaviErrorTests.swift in Sources */ = {isa = PBXBuildFile; fileRef = 10829B181FBFC63600C7A507 /* GurunaviErrorTests.swift */; };
		10829B201FBFD02700C7A507 /* AreaVC.swift in Sources */ = {isa = PBXBuildFile; fileRef = 10829B1E1FBFD02700C7A507 /* AreaVC.swift */; };
		10829B211FBFD02700C7A507 /* AreaVC.xib in Resources */ = {isa = PBXBuildFile; fileRef = 10829B1F1FBFD02700C7A507 /* AreaVC.xib */; };
		10829B231FBFD07400C7A507 /* AreaInfo.swift in Sources */ = {isa = PBXBuildFile; fileRef = 10829B221FBFD07400C7A507 /* AreaInfo.swift */; };
		10F4C7591FBDDCF800A5BDEB /* AppDelegate.swift in Sources */ = {isa = PBXBuildFile; fileRef = 10F4C7581FBDDCF800A5BDEB /* AppDelegate.swift */; };
		10F4C75B1FBDDCF800A5BDEB /* PrefVC.swift in Sources */ = {isa = PBXBuildFile; fileRef = 10F4C75A1FBDDCF800A5BDEB /* PrefVC.swift */; };
		10F4C75E1FBDDCF800A5BDEB /* Main.storyboard in Resources */ = {isa = PBXBuildFile; fileRef = 10F4C75C1FBDDCF800A5BDEB /* Main.storyboard */; };
		10F4C7601FBDDCF800A5BDEB /* Assets.xcassets in Resources */ = {isa = PBXBuildFile; fileRef = 10F4C75F1FBDDCF800A5BDEB /* Assets.xcassets */; };
		10F4C7631FBDDCF800A5BDEB /* LaunchScreen.storyboard in Resources */ = {isa = PBXBuildFile; fileRef = 10F4C7611FBDDCF800A5BDEB /* LaunchScreen.storyboard */; };
		10F4C76E1FBDDCF900A5BDEB /* ios_gurunavi_apikitTests.swift in Sources */ = {isa = PBXBuildFile; fileRef = 10F4C76D1FBDDCF900A5BDEB /* ios_gurunavi_apikitTests.swift */; };
		473D7397098F4637742A8F28 /* Pods_ios_gurunavi_apikit.framework in Frameworks */ = {isa = PBXBuildFile; fileRef = 18E010062ED3FFC0D48045C7 /* Pods_ios_gurunavi_apikit.framework */; };
		F0B57D6D1A54B7FF5064EB40 /* Pods_ios_gurunavi_apikitTests.framework in Frameworks */ = {isa = PBXBuildFile; fileRef = 174E6CC1B584B71B514053E0 /* Pods_ios_gurunavi_apikitTests.framework */; };
/* End PBXBuildFile section */

/* Begin PBXContainerItemProxy section */
		10F4C76A1FBDDCF900A5BDEB /* PBXContainerItemProxy */ = {
			isa = PBXContainerItemProxy;
			containerPortal = 10F4C74D1FBDDCF800A5BDEB /* Project object */;
			proxyType = 1;
			remoteGlobalIDString = 10F4C7541FBDDCF800A5BDEB;
			remoteInfo = "ios-gurunavi-apikit";
		};
/* End PBXContainerItemProxy section */

/* Begin PBXFileReference section */
		104E60111FC1476100F00F3C /* AreaCell.swift */ = {isa = PBXFileReference; lastKnownFileType = sourcecode.swift; path = AreaCell.swift; sourceTree = "<group>"; };
		104E60121FC1476100F00F3C /* AreaCell.xib */ = {isa = PBXFileReference; lastKnownFileType = file.xib; path = AreaCell.xib; sourceTree = "<group>"; };
		104E60151FC1507700F00F3C /* RestaurantTableViewCell.swift */ = {isa = PBXFileReference; fileEncoding = 4; lastKnownFileType = sourcecode.swift; path = RestaurantTableViewCell.swift; sourceTree = "<group>"; };
		104E60161FC1507800F00F3C /* RestaurantTableViewCell.xib */ = {isa = PBXFileReference; fileEncoding = 4; lastKnownFileType = file.xib; path = RestaurantTableViewCell.xib; sourceTree = "<group>"; };
		104E60191FC1529300F00F3C /* RestsVC.swift */ = {isa = PBXFileReference; lastKnownFileType = sourcecode.swift; name = RestsVC.swift; path = ViewController/RestsVC.swift; sourceTree = "<group>"; };
		104E601A1FC1529300F00F3C /* RestsVC.xib */ = {isa = PBXFileReference; lastKnownFileType = file.xib; name = RestsVC.xib; path = ViewController/RestsVC.xib; sourceTree = "<group>"; };
		10829AF41FBFC4D400C7A507 /* area.json */ = {isa = PBXFileReference; fileEncoding = 4; lastKnownFileType = text.json; path = area.json; sourceTree = "<group>"; };
		10829AF61FBFC4F900C7A507 /* AreaParsedPartial.json */ = {isa = PBXFileReference; fileEncoding = 4; lastKnownFileType = text.json; path = AreaParsedPartial.json; sourceTree = "<group>"; };
		10829AF81FBFC50200C7A507 /* Error.json */ = {isa = PBXFileReference; fileEncoding = 4; lastKnownFileType = text.json; path = Error.json; sourceTree = "<group>"; };
		10829AFA1FBFC51400C7A507 /* PrefMaster.json */ = {isa = PBXFileReference; fileEncoding = 4; lastKnownFileType = text.json; path = PrefMaster.json; sourceTree = "<group>"; };
		10829AFC1FBFC53000C7A507 /* response.json */ = {isa = PBXFileReference; fileEncoding = 4; lastKnownFileType = text.json; path = response.json; sourceTree = "<group>"; };
		10829B001FBFC57B00C7A507 /* RestDto.swift */ = {isa = PBXFileReference; fileEncoding = 4; lastKnownFileType = sourcecode.swift; path = RestDto.swift; sourceTree = "<group>"; };
		10829B011FBFC57B00C7A507 /* Area.swift */ = {isa = PBXFileReference; fileEncoding = 4; lastKnownFileType = sourcecode.swift; path = Area.swift; sourceTree = "<group>"; };
		10829B021FBFC57B00C7A507 /* RestInfoDto.swift */ = {isa = PBXFileReference; fileEncoding = 4; lastKnownFileType = sourcecode.swift; path = RestInfoDto.swift; sourceTree = "<group>"; };
		10829B031FBFC57C00C7A507 /* Pref.swift */ = {isa = PBXFileReference; fileEncoding = 4; lastKnownFileType = sourcecode.swift; path = Pref.swift; sourceTree = "<group>"; };
		10829B081FBFC58A00C7A507 /* JSONDataParser.swift */ = {isa = PBXFileReference; fileEncoding = 4; lastKnownFileType = sourcecode.swift; path = JSONDataParser.swift; sourceTree = "<group>"; };
		10829B091FBFC58A00C7A507 /* DataParser.swift */ = {isa = PBXFileReference; fileEncoding = 4; lastKnownFileType = sourcecode.swift; path = DataParser.swift; sourceTree = "<group>"; };
		10829B0A1FBFC58A00C7A507 /* GurunaviAPI.swift */ = {isa = PBXFileReference; fileEncoding = 4; lastKnownFileType = sourcecode.swift; path = GurunaviAPI.swift; sourceTree = "<group>"; };
		10829B0B1FBFC58A00C7A507 /* FileOrganizer.swift */ = {isa = PBXFileReference; fileEncoding = 4; lastKnownFileType = sourcecode.swift; path = FileOrganizer.swift; sourceTree = "<group>"; };
		10829B0C1FBFC58A00C7A507 /* GurunaviError.swift */ = {isa = PBXFileReference; fileEncoding = 4; lastKnownFileType = sourcecode.swift; path = GurunaviError.swift; sourceTree = "<group>"; };
		10829B121FBFC5A300C7A507 /* CommonDefines.swift */ = {isa = PBXFileReference; fileEncoding = 4; lastKnownFileType = sourcecode.swift; path = CommonDefines.swift; sourceTree = "<group>"; };
		10829B141FBFC63500C7A507 /* LoadAreaInfoTests.swift */ = {isa = PBXFileReference; fileEncoding = 4; lastKnownFileType = sourcecode.swift; path = LoadAreaInfoTests.swift; sourceTree = "<group>"; };
		10829B151FBFC63500C7A507 /* CocoapodsKeyTests.swift */ = {isa = PBXFileReference; fileEncoding = 4; lastKnownFileType = sourcecode.swift; path = CocoapodsKeyTests.swift; sourceTree = "<group>"; };
		10829B161FBFC63500C7A507 /* SessionTests.swift */ = {isa = PBXFileReference; fileEncoding = 4; lastKnownFileType = sourcecode.swift; path = SessionTests.swift; sourceTree = "<group>"; };
		10829B171FBFC63500C7A507 /* RestInfoDtoTest.swift */ = {isa = PBXFileReference; fileEncoding = 4; lastKnownFileType = sourcecode.swift; path = RestInfoDtoTest.swift; sourceTree = "<group>"; };
		10829B181FBFC63600C7A507 /* GurunaviErrorTests.swift */ = {isa = PBXFileReference; fileEncoding = 4; lastKnownFileType = sourcecode.swift; path = GurunaviErrorTests.swift; sourceTree = "<group>"; };
		10829B1E1FBFD02700C7A507 /* AreaVC.swift */ = {isa = PBXFileReference; lastKnownFileType = sourcecode.swift; name = AreaVC.swift; path = ViewController/AreaVC.swift; sourceTree = "<group>"; };
		10829B1F1FBFD02700C7A507 /* AreaVC.xib */ = {isa = PBXFileReference; lastKnownFileType = file.xib; name = AreaVC.xib; path = ViewController/AreaVC.xib; sourceTree = "<group>"; };
		10829B221FBFD07400C7A507 /* AreaInfo.swift */ = {isa = PBXFileReference; lastKnownFileType = sourcecode.swift; path = AreaInfo.swift; sourceTree = "<group>"; };
		10F4C7551FBDDCF800A5BDEB /* ios-gurunavi-apikit.app */ = {isa = PBXFileReference; explicitFileType = wrapper.application; includeInIndex = 0; path = "ios-gurunavi-apikit.app"; sourceTree = BUILT_PRODUCTS_DIR; };
		10F4C7581FBDDCF800A5BDEB /* AppDelegate.swift */ = {isa = PBXFileReference; lastKnownFileType = sourcecode.swift; path = AppDelegate.swift; sourceTree = "<group>"; };
		10F4C75A1FBDDCF800A5BDEB /* PrefVC.swift */ = {isa = PBXFileReference; lastKnownFileType = sourcecode.swift; path = PrefVC.swift; sourceTree = "<group>"; };
		10F4C75D1FBDDCF800A5BDEB /* Base */ = {isa = PBXFileReference; lastKnownFileType = file.storyboard; name = Base; path = Base.lproj/Main.storyboard; sourceTree = "<group>"; };
		10F4C75F1FBDDCF800A5BDEB /* Assets.xcassets */ = {isa = PBXFileReference; lastKnownFileType = folder.assetcatalog; path = Assets.xcassets; sourceTree = "<group>"; };
		10F4C7621FBDDCF800A5BDEB /* Base */ = {isa = PBXFileReference; lastKnownFileType = file.storyboard; name = Base; path = Base.lproj/LaunchScreen.storyboard; sourceTree = "<group>"; };
		10F4C7641FBDDCF800A5BDEB /* Info.plist */ = {isa = PBXFileReference; lastKnownFileType = text.plist.xml; path = Info.plist; sourceTree = "<group>"; };
		10F4C7691FBDDCF900A5BDEB /* ios-gurunavi-apikitTests.xctest */ = {isa = PBXFileReference; explicitFileType = wrapper.cfbundle; includeInIndex = 0; path = "ios-gurunavi-apikitTests.xctest"; sourceTree = BUILT_PRODUCTS_DIR; };
		10F4C76D1FBDDCF900A5BDEB /* ios_gurunavi_apikitTests.swift */ = {isa = PBXFileReference; lastKnownFileType = sourcecode.swift; path = ios_gurunavi_apikitTests.swift; sourceTree = "<group>"; };
		10F4C76F1FBDDCF900A5BDEB /* Info.plist */ = {isa = PBXFileReference; lastKnownFileType = text.plist.xml; path = Info.plist; sourceTree = "<group>"; };
		157B48076DEDAEF81A6B181C /* Pods-ios-gurunavi-apikitTests.release.xcconfig */ = {isa = PBXFileReference; includeInIndex = 1; lastKnownFileType = text.xcconfig; name = "Pods-ios-gurunavi-apikitTests.release.xcconfig"; path = "Pods/Target Support Files/Pods-ios-gurunavi-apikitTests/Pods-ios-gurunavi-apikitTests.release.xcconfig"; sourceTree = "<group>"; };
		174E6CC1B584B71B514053E0 /* Pods_ios_gurunavi_apikitTests.framework */ = {isa = PBXFileReference; explicitFileType = wrapper.framework; includeInIndex = 0; path = Pods_ios_gurunavi_apikitTests.framework; sourceTree = BUILT_PRODUCTS_DIR; };
		18E010062ED3FFC0D48045C7 /* Pods_ios_gurunavi_apikit.framework */ = {isa = PBXFileReference; explicitFileType = wrapper.framework; includeInIndex = 0; path = Pods_ios_gurunavi_apikit.framework; sourceTree = BUILT_PRODUCTS_DIR; };
		62BA7337C69E0A04902954BF /* Pods-ios-gurunavi-apikit.release.xcconfig */ = {isa = PBXFileReference; includeInIndex = 1; lastKnownFileType = text.xcconfig; name = "Pods-ios-gurunavi-apikit.release.xcconfig"; path = "Pods/Target Support Files/Pods-ios-gurunavi-apikit/Pods-ios-gurunavi-apikit.release.xcconfig"; sourceTree = "<group>"; };
		95B4A6FC1871F961A5152FB6 /* Pods-ios-gurunavi-apikit.debug.xcconfig */ = {isa = PBXFileReference; includeInIndex = 1; lastKnownFileType = text.xcconfig; name = "Pods-ios-gurunavi-apikit.debug.xcconfig"; path = "Pods/Target Support Files/Pods-ios-gurunavi-apikit/Pods-ios-gurunavi-apikit.debug.xcconfig"; sourceTree = "<group>"; };
		C3764293FFD6560E43794811 /* Pods-ios-gurunavi-apikitTests.debug.xcconfig */ = {isa = PBXFileReference; includeInIndex = 1; lastKnownFileType = text.xcconfig; name = "Pods-ios-gurunavi-apikitTests.debug.xcconfig"; path = "Pods/Target Support Files/Pods-ios-gurunavi-apikitTests/Pods-ios-gurunavi-apikitTests.debug.xcconfig"; sourceTree = "<group>"; };
/* End PBXFileReference section */

/* Begin PBXFrameworksBuildPhase section */
		10F4C7521FBDDCF800A5BDEB /* Frameworks */ = {
			isa = PBXFrameworksBuildPhase;
			buildActionMask = 2147483647;
			files = (
				473D7397098F4637742A8F28 /* Pods_ios_gurunavi_apikit.framework in Frameworks */,
			);
			runOnlyForDeploymentPostprocessing = 0;
		};
		10F4C7661FBDDCF800A5BDEB /* Frameworks */ = {
			isa = PBXFrameworksBuildPhase;
			buildActionMask = 2147483647;
			files = (
				F0B57D6D1A54B7FF5064EB40 /* Pods_ios_gurunavi_apikitTests.framework in Frameworks */,
			);
			runOnlyForDeploymentPostprocessing = 0;
		};
/* End PBXFrameworksBuildPhase section */

/* Begin PBXGroup section */
		10829AED1FBFC36600C7A507 /* Others */ = {
			isa = PBXGroup;
			children = (
				10829AF31FBFC4B200C7A507 /* JSON */,
				10F4C7611FBDDCF800A5BDEB /* LaunchScreen.storyboard */,
				10829B121FBFC5A300C7A507 /* CommonDefines.swift */,
				10F4C75F1FBDDCF800A5BDEB /* Assets.xcassets */,
				10F4C7641FBDDCF800A5BDEB /* Info.plist */,
			);
			name = Others;
			sourceTree = "<group>";
		};
		10829AEE1FBFC3A900C7A507 /* ViewController */ = {
			isa = PBXGroup;
			children = (
				10F4C75A1FBDDCF800A5BDEB /* PrefVC.swift */,
				10F4C75C1FBDDCF800A5BDEB /* Main.storyboard */,
				10829B1E1FBFD02700C7A507 /* AreaVC.swift */,
				10829B1F1FBFD02700C7A507 /* AreaVC.xib */,
				104E60191FC1529300F00F3C /* RestsVC.swift */,
				104E601A1FC1529300F00F3C /* RestsVC.xib */,
			);
			name = ViewController;
			sourceTree = "<group>";
		};
		10829AEF1FBFC3BE00C7A507 /* Controller */ = {
			isa = PBXGroup;
			children = (
				10F4C7581FBDDCF800A5BDEB /* AppDelegate.swift */,
				10829AEE1FBFC3A900C7A507 /* ViewController */,
			);
			name = Controller;
			sourceTree = "<group>";
		};
		10829AF01FBFC3DD00C7A507 /* Infra */ = {
			isa = PBXGroup;
			children = (
				10829B091FBFC58A00C7A507 /* DataParser.swift */,
				10829B0B1FBFC58A00C7A507 /* FileOrganizer.swift */,
				10829B0A1FBFC58A00C7A507 /* GurunaviAPI.swift */,
				10829B0C1FBFC58A00C7A507 /* GurunaviError.swift */,
				10829B081FBFC58A00C7A507 /* JSONDataParser.swift */,
			);
			path = Infra;
			sourceTree = "<group>";
		};
		10829AF11FBFC3EA00C7A507 /* Model */ = {
			isa = PBXGroup;
			children = (
				10829B011FBFC57B00C7A507 /* Area.swift */,
				10829B031FBFC57C00C7A507 /* Pref.swift */,
				10829B001FBFC57B00C7A507 /* RestDto.swift */,
				10829B021FBFC57B00C7A507 /* RestInfoDto.swift */,
				10829B221FBFD07400C7A507 /* AreaInfo.swift */,
			);
			path = Model;
			sourceTree = "<group>";
		};
		10829AF21FBFC3F900C7A507 /* View */ = {
			isa = PBXGroup;
			children = (
				104E60151FC1507700F00F3C /* RestaurantTableViewCell.swift */,
				104E60161FC1507800F00F3C /* RestaurantTableViewCell.xib */,
				104E60111FC1476100F00F3C /* AreaCell.swift */,
				104E60121FC1476100F00F3C /* AreaCell.xib */,
			);
			path = View;
			sourceTree = "<group>";
		};
		10829AF31FBFC4B200C7A507 /* JSON */ = {
			isa = PBXGroup;
			children = (
				10829AF41FBFC4D400C7A507 /* area.json */,
				10829AF61FBFC4F900C7A507 /* AreaParsedPartial.json */,
				10829AF81FBFC50200C7A507 /* Error.json */,
				10829AFA1FBFC51400C7A507 /* PrefMaster.json */,
			);
			path = JSON;
			sourceTree = "<group>";
		};
		10829AFF1FBFC53F00C7A507 /* Others */ = {
			isa = PBXGroup;
			children = (
				10829AFC1FBFC53000C7A507 /* response.json */,
				10F4C76F1FBDDCF900A5BDEB /* Info.plist */,
			);
			name = Others;
			sourceTree = "<group>";
		};
		10F4C74C1FBDDCF800A5BDEB = {
			isa = PBXGroup;
			children = (
				10F4C7571FBDDCF800A5BDEB /* ios-gurunavi-apikit */,
				10F4C76C1FBDDCF900A5BDEB /* ios-gurunavi-apikitTests */,
				10F4C7561FBDDCF800A5BDEB /* Products */,
				F298703BFDD715C5D4C4F29C /* Pods */,
				627ECF2673D8E22FC453C971 /* Frameworks */,
			);
			sourceTree = "<group>";
		};
		10F4C7561FBDDCF800A5BDEB /* Products */ = {
			isa = PBXGroup;
			children = (
				10F4C7551FBDDCF800A5BDEB /* ios-gurunavi-apikit.app */,
				10F4C7691FBDDCF900A5BDEB /* ios-gurunavi-apikitTests.xctest */,
			);
			name = Products;
			sourceTree = "<group>";
		};
		10F4C7571FBDDCF800A5BDEB /* ios-gurunavi-apikit */ = {
			isa = PBXGroup;
			children = (
				10829AF21FBFC3F900C7A507 /* View */,
				10829AF11FBFC3EA00C7A507 /* Model */,
				10829AF01FBFC3DD00C7A507 /* Infra */,
				10829AEF1FBFC3BE00C7A507 /* Controller */,
				10829AED1FBFC36600C7A507 /* Others */,
			);
			path = "ios-gurunavi-apikit";
			sourceTree = "<group>";
		};
		10F4C76C1FBDDCF900A5BDEB /* ios-gurunavi-apikitTests */ = {
			isa = PBXGroup;
			children = (
				10829AFF1FBFC53F00C7A507 /* Others */,
				10F4C76D1FBDDCF900A5BDEB /* ios_gurunavi_apikitTests.swift */,
				10829B151FBFC63500C7A507 /* CocoapodsKeyTests.swift */,
				10829B181FBFC63600C7A507 /* GurunaviErrorTests.swift */,
				10829B141FBFC63500C7A507 /* LoadAreaInfoTests.swift */,
				10829B171FBFC63500C7A507 /* RestInfoDtoTest.swift */,
				10829B161FBFC63500C7A507 /* SessionTests.swift */,
			);
			path = "ios-gurunavi-apikitTests";
			sourceTree = "<group>";
		};
		627ECF2673D8E22FC453C971 /* Frameworks */ = {
			isa = PBXGroup;
			children = (
				18E010062ED3FFC0D48045C7 /* Pods_ios_gurunavi_apikit.framework */,
				174E6CC1B584B71B514053E0 /* Pods_ios_gurunavi_apikitTests.framework */,
			);
			name = Frameworks;
			sourceTree = "<group>";
		};
		F298703BFDD715C5D4C4F29C /* Pods */ = {
			isa = PBXGroup;
			children = (
				95B4A6FC1871F961A5152FB6 /* Pods-ios-gurunavi-apikit.debug.xcconfig */,
				62BA7337C69E0A04902954BF /* Pods-ios-gurunavi-apikit.release.xcconfig */,
				C3764293FFD6560E43794811 /* Pods-ios-gurunavi-apikitTests.debug.xcconfig */,
				157B48076DEDAEF81A6B181C /* Pods-ios-gurunavi-apikitTests.release.xcconfig */,
			);
			name = Pods;
			sourceTree = "<group>";
		};
/* End PBXGroup section */

/* Begin PBXNativeTarget section */
		10F4C7541FBDDCF800A5BDEB /* ios-gurunavi-apikit */ = {
			isa = PBXNativeTarget;
			buildConfigurationList = 10F4C7721FBDDCF900A5BDEB /* Build configuration list for PBXNativeTarget "ios-gurunavi-apikit" */;
			buildPhases = (
				BC2D2201CDF35C71FA4ECB59 /* [CP] Check Pods Manifest.lock */,
				10F4C7511FBDDCF800A5BDEB /* Sources */,
				10F4C7521FBDDCF800A5BDEB /* Frameworks */,
				10F4C7531FBDDCF800A5BDEB /* Resources */,
				8D97428591130F6C6DF2F390 /* [CP] Embed Pods Frameworks */,
				1F4E33288587D9CBB4A0EE22 /* [CP] Copy Pods Resources */,
			);
			buildRules = (
			);
			dependencies = (
			);
			name = "ios-gurunavi-apikit";
			productName = "ios-gurunavi-apikit";
			productReference = 10F4C7551FBDDCF800A5BDEB /* ios-gurunavi-apikit.app */;
			productType = "com.apple.product-type.application";
		};
		10F4C7681FBDDCF800A5BDEB /* ios-gurunavi-apikitTests */ = {
			isa = PBXNativeTarget;
			buildConfigurationList = 10F4C7751FBDDCF900A5BDEB /* Build configuration list for PBXNativeTarget "ios-gurunavi-apikitTests" */;
			buildPhases = (
				602720F4AB955021010B5A32 /* [CP] Check Pods Manifest.lock */,
				10F4C7651FBDDCF800A5BDEB /* Sources */,
				10F4C7661FBDDCF800A5BDEB /* Frameworks */,
				10F4C7671FBDDCF800A5BDEB /* Resources */,
				82F67BEF58E857A937DCF505 /* [CP] Embed Pods Frameworks */,
				A2C4E65719BE0104A0C34F76 /* [CP] Copy Pods Resources */,
			);
			buildRules = (
			);
			dependencies = (
				10F4C76B1FBDDCF900A5BDEB /* PBXTargetDependency */,
			);
			name = "ios-gurunavi-apikitTests";
			productName = "ios-gurunavi-apikitTests";
			productReference = 10F4C7691FBDDCF900A5BDEB /* ios-gurunavi-apikitTests.xctest */;
			productType = "com.apple.product-type.bundle.unit-test";
		};
/* End PBXNativeTarget section */

/* Begin PBXProject section */
		10F4C74D1FBDDCF800A5BDEB /* Project object */ = {
			isa = PBXProject;
			attributes = {
				LastSwiftUpdateCheck = 0910;
				LastUpgradeCheck = 0910;
				ORGANIZATIONNAME = "Sunday Carpenter";
				TargetAttributes = {
					10F4C7541FBDDCF800A5BDEB = {
						CreatedOnToolsVersion = 9.1;
						ProvisioningStyle = Automatic;
					};
					10F4C7681FBDDCF800A5BDEB = {
						CreatedOnToolsVersion = 9.1;
						ProvisioningStyle = Automatic;
						TestTargetID = 10F4C7541FBDDCF800A5BDEB;
					};
				};
			};
			buildConfigurationList = 10F4C7501FBDDCF800A5BDEB /* Build configuration list for PBXProject "ios-gurunavi-apikit" */;
			compatibilityVersion = "Xcode 8.0";
			developmentRegion = en;
			hasScannedForEncodings = 0;
			knownRegions = (
				en,
				Base,
			);
			mainGroup = 10F4C74C1FBDDCF800A5BDEB;
			productRefGroup = 10F4C7561FBDDCF800A5BDEB /* Products */;
			projectDirPath = "";
			projectRoot = "";
			targets = (
				10F4C7541FBDDCF800A5BDEB /* ios-gurunavi-apikit */,
				10F4C7681FBDDCF800A5BDEB /* ios-gurunavi-apikitTests */,
			);
		};
/* End PBXProject section */

/* Begin PBXResourcesBuildPhase section */
		10F4C7531FBDDCF800A5BDEB /* Resources */ = {
			isa = PBXResourcesBuildPhase;
			buildActionMask = 2147483647;
			files = (
				10829AF91FBFC50200C7A507 /* Error.json in Resources */,
				10829AFB1FBFC51400C7A507 /* PrefMaster.json in Resources */,
				104E60141FC1476100F00F3C /* AreaCell.xib in Resources */,
				10829AF71FBFC4F900C7A507 /* AreaParsedPartial.json in Resources */,
				10F4C7631FBDDCF800A5BDEB /* LaunchScreen.storyboard in Resources */,
				10829AFD1FBFC53000C7A507 /* response.json in Resources */,
				104E601C1FC1529300F00F3C /* RestsVC.xib in Resources */,
				10F4C7601FBDDCF800A5BDEB /* Assets.xcassets in Resources */,
				104E60181FC1507800F00F3C /* RestaurantTableViewCell.xib in Resources */,
				10829AF51FBFC4D400C7A507 /* area.json in Resources */,
				10829B211FBFD02700C7A507 /* AreaVC.xib in Resources */,
				10F4C75E1FBDDCF800A5BDEB /* Main.storyboard in Resources */,
			);
			runOnlyForDeploymentPostprocessing = 0;
		};
		10F4C7671FBDDCF800A5BDEB /* Resources */ = {
			isa = PBXResourcesBuildPhase;
			buildActionMask = 2147483647;
			files = (
				10829AFE1FBFC53000C7A507 /* response.json in Resources */,
			);
			runOnlyForDeploymentPostprocessing = 0;
		};
/* End PBXResourcesBuildPhase section */

/* Begin PBXShellScriptBuildPhase section */
		1F4E33288587D9CBB4A0EE22 /* [CP] Copy Pods Resources */ = {
			isa = PBXShellScriptBuildPhase;
			buildActionMask = 2147483647;
			files = (
			);
			inputPaths = (
			);
			name = "[CP] Copy Pods Resources";
			outputPaths = (
			);
			runOnlyForDeploymentPostprocessing = 0;
			shellPath = /bin/sh;
			shellScript = "\"${SRCROOT}/Pods/Target Support Files/Pods-ios-gurunavi-apikit/Pods-ios-gurunavi-apikit-resources.sh\"\n";
			showEnvVarsInLog = 0;
		};
		602720F4AB955021010B5A32 /* [CP] Check Pods Manifest.lock */ = {
			isa = PBXShellScriptBuildPhase;
			buildActionMask = 2147483647;
			files = (
			);
			inputPaths = (
				"${PODS_PODFILE_DIR_PATH}/Podfile.lock",
				"${PODS_ROOT}/Manifest.lock",
			);
			name = "[CP] Check Pods Manifest.lock";
			outputPaths = (
				"$(DERIVED_FILE_DIR)/Pods-ios-gurunavi-apikitTests-checkManifestLockResult.txt",
			);
			runOnlyForDeploymentPostprocessing = 0;
			shellPath = /bin/sh;
			shellScript = "diff \"${PODS_PODFILE_DIR_PATH}/Podfile.lock\" \"${PODS_ROOT}/Manifest.lock\" > /dev/null\nif [ $? != 0 ] ; then\n    # print error to STDERR\n    echo \"error: The sandbox is not in sync with the Podfile.lock. Run 'pod install' or update your CocoaPods installation.\" >&2\n    exit 1\nfi\n# This output is used by Xcode 'outputs' to avoid re-running this script phase.\necho \"SUCCESS\" > \"${SCRIPT_OUTPUT_FILE_0}\"\n";
			showEnvVarsInLog = 0;
		};
		82F67BEF58E857A937DCF505 /* [CP] Embed Pods Frameworks */ = {
			isa = PBXShellScriptBuildPhase;
			buildActionMask = 2147483647;
			files = (
			);
			inputPaths = (
				"${SRCROOT}/Pods/Target Support Files/Pods-ios-gurunavi-apikitTests/Pods-ios-gurunavi-apikitTests-frameworks.sh",
				"${BUILT_PRODUCTS_DIR}/APIKit/APIKit.framework",
				"${BUILT_PRODUCTS_DIR}/Alamofire/Alamofire.framework",
				"${BUILT_PRODUCTS_DIR}/AlamofireImage/AlamofireImage.framework",
				"${BUILT_PRODUCTS_DIR}/Result/Result.framework",
			);
			name = "[CP] Embed Pods Frameworks";
			outputPaths = (
				"${TARGET_BUILD_DIR}/${FRAMEWORKS_FOLDER_PATH}/APIKit.framework",
				"${TARGET_BUILD_DIR}/${FRAMEWORKS_FOLDER_PATH}/Alamofire.framework",
				"${TARGET_BUILD_DIR}/${FRAMEWORKS_FOLDER_PATH}/AlamofireImage.framework",
				"${TARGET_BUILD_DIR}/${FRAMEWORKS_FOLDER_PATH}/Result.framework",
			);
			runOnlyForDeploymentPostprocessing = 0;
			shellPath = /bin/sh;
			shellScript = "\"${SRCROOT}/Pods/Target Support Files/Pods-ios-gurunavi-apikitTests/Pods-ios-gurunavi-apikitTests-frameworks.sh\"\n";
			showEnvVarsInLog = 0;
		};
		8D97428591130F6C6DF2F390 /* [CP] Embed Pods Frameworks */ = {
			isa = PBXShellScriptBuildPhase;
			buildActionMask = 2147483647;
			files = (
			);
			inputPaths = (
				"${SRCROOT}/Pods/Target Support Files/Pods-ios-gurunavi-apikit/Pods-ios-gurunavi-apikit-frameworks.sh",
				"${BUILT_PRODUCTS_DIR}/APIKit/APIKit.framework",
				"${BUILT_PRODUCTS_DIR}/Alamofire/Alamofire.framework",
				"${BUILT_PRODUCTS_DIR}/AlamofireImage/AlamofireImage.framework",
				"${BUILT_PRODUCTS_DIR}/Keys/Keys.framework",
				"${BUILT_PRODUCTS_DIR}/Result/Result.framework",
			);
			name = "[CP] Embed Pods Frameworks";
			outputPaths = (
				"${TARGET_BUILD_DIR}/${FRAMEWORKS_FOLDER_PATH}/APIKit.framework",
				"${TARGET_BUILD_DIR}/${FRAMEWORKS_FOLDER_PATH}/Alamofire.framework",
				"${TARGET_BUILD_DIR}/${FRAMEWORKS_FOLDER_PATH}/AlamofireImage.framework",
				"${TARGET_BUILD_DIR}/${FRAMEWORKS_FOLDER_PATH}/Keys.framework",
				"${TARGET_BUILD_DIR}/${FRAMEWORKS_FOLDER_PATH}/Result.framework",
			);
			runOnlyForDeploymentPostprocessing = 0;
			shellPath = /bin/sh;
			shellScript = "\"${SRCROOT}/Pods/Target Support Files/Pods-ios-gurunavi-apikit/Pods-ios-gurunavi-apikit-frameworks.sh\"\n";
			showEnvVarsInLog = 0;
		};
		A2C4E65719BE0104A0C34F76 /* [CP] Copy Pods Resources */ = {
			isa = PBXShellScriptBuildPhase;
			buildActionMask = 2147483647;
			files = (
			);
			inputPaths = (
			);
			name = "[CP] Copy Pods Resources";
			outputPaths = (
			);
			runOnlyForDeploymentPostprocessing = 0;
			shellPath = /bin/sh;
			shellScript = "\"${SRCROOT}/Pods/Target Support Files/Pods-ios-gurunavi-apikitTests/Pods-ios-gurunavi-apikitTests-resources.sh\"\n";
			showEnvVarsInLog = 0;
		};
		BC2D2201CDF35C71FA4ECB59 /* [CP] Check Pods Manifest.lock */ = {
			isa = PBXShellScriptBuildPhase;
			buildActionMask = 2147483647;
			files = (
			);
			inputPaths = (
				"${PODS_PODFILE_DIR_PATH}/Podfile.lock",
				"${PODS_ROOT}/Manifest.lock",
			);
			name = "[CP] Check Pods Manifest.lock";
			outputPaths = (
				"$(DERIVED_FILE_DIR)/Pods-ios-gurunavi-apikit-checkManifestLockResult.txt",
			);
			runOnlyForDeploymentPostprocessing = 0;
			shellPath = /bin/sh;
			shellScript = "diff \"${PODS_PODFILE_DIR_PATH}/Podfile.lock\" \"${PODS_ROOT}/Manifest.lock\" > /dev/null\nif [ $? != 0 ] ; then\n    # print error to STDERR\n    echo \"error: The sandbox is not in sync with the Podfile.lock. Run 'pod install' or update your CocoaPods installation.\" >&2\n    exit 1\nfi\n# This output is used by Xcode 'outputs' to avoid re-running this script phase.\necho \"SUCCESS\" > \"${SCRIPT_OUTPUT_FILE_0}\"\n";
			showEnvVarsInLog = 0;
		};
/* End PBXShellScriptBuildPhase section */

/* Begin PBXSourcesBuildPhase section */
		10F4C7511FBDDCF800A5BDEB /* Sources */ = {
			isa = PBXSourcesBuildPhase;
			buildActionMask = 2147483647;
			files = (
				10829B071FBFC57C00C7A507 /* Pref.swift in Sources */,
				10F4C75B1FBDDCF800A5BDEB /* PrefVC.swift in Sources */,
				10829B111FBFC58A00C7A507 /* GurunaviError.swift in Sources */,
				10829B0E1FBFC58A00C7A507 /* DataParser.swift in Sources */,
				104E60171FC1507800F00F3C /* RestaurantTableViewCell.swift in Sources */,
				104E60131FC1476100F00F3C /* AreaCell.swift in Sources */,
				10829B101FBFC58A00C7A507 /* FileOrganizer.swift in Sources */,
				10829B041FBFC57C00C7A507 /* RestDto.swift in Sources */,
				10829B061FBFC57C00C7A507 /* RestInfoDto.swift in Sources */,
				10829B051FBFC57C00C7A507 /* Area.swift in Sources */,
				10829B201FBFD02700C7A507 /* AreaVC.swift in Sources */,
				10F4C7591FBDDCF800A5BDEB /* AppDelegate.swift in Sources */,
				10829B231FBFD07400C7A507 /* AreaInfo.swift in Sources */,
				104E601B1FC1529300F00F3C /* RestsVC.swift in Sources */,
				10829B131FBFC5A300C7A507 /* CommonDefines.swift in Sources */,
				10829B0F1FBFC58A00C7A507 /* GurunaviAPI.swift in Sources */,
				10829B0D1FBFC58A00C7A507 /* JSONDataParser.swift in Sources */,
			);
			runOnlyForDeploymentPostprocessing = 0;
		};
		10F4C7651FBDDCF800A5BDEB /* Sources */ = {
			isa = PBXSourcesBuildPhase;
			buildActionMask = 2147483647;
			files = (
				10829B1B1FBFC63600C7A507 /* SessionTests.swift in Sources */,
				10829B1D1FBFC63600C7A507 /* GurunaviErrorTests.swift in Sources */,
				10829B191FBFC63600C7A507 /* LoadAreaInfoTests.swift in Sources */,
				10829B1C1FBFC63600C7A507 /* RestInfoDtoTest.swift in Sources */,
				10F4C76E1FBDDCF900A5BDEB /* ios_gurunavi_apikitTests.swift in Sources */,
				10829B1A1FBFC63600C7A507 /* CocoapodsKeyTests.swift in Sources */,
			);
			runOnlyForDeploymentPostprocessing = 0;
		};
/* End PBXSourcesBuildPhase section */

/* Begin PBXTargetDependency section */
		10F4C76B1FBDDCF900A5BDEB /* PBXTargetDependency */ = {
			isa = PBXTargetDependency;
			target = 10F4C7541FBDDCF800A5BDEB /* ios-gurunavi-apikit */;
			targetProxy = 10F4C76A1FBDDCF900A5BDEB /* PBXContainerItemProxy */;
		};
/* End PBXTargetDependency section */

/* Begin PBXVariantGroup section */
		10F4C75C1FBDDCF800A5BDEB /* Main.storyboard */ = {
			isa = PBXVariantGroup;
			children = (
				10F4C75D1FBDDCF800A5BDEB /* Base */,
			);
			name = Main.storyboard;
			sourceTree = "<group>";
		};
		10F4C7611FBDDCF800A5BDEB /* LaunchScreen.storyboard */ = {
			isa = PBXVariantGroup;
			children = (
				10F4C7621FBDDCF800A5BDEB /* Base */,
			);
			name = LaunchScreen.storyboard;
			sourceTree = "<group>";
		};
/* End PBXVariantGroup section */

/* Begin XCBuildConfiguration section */
		10F4C7701FBDDCF900A5BDEB /* Debug */ = {
			isa = XCBuildConfiguration;
			buildSettings = {
				ALWAYS_SEARCH_USER_PATHS = NO;
				CLANG_ANALYZER_NONNULL = YES;
				CLANG_ANALYZER_NUMBER_OBJECT_CONVERSION = YES_AGGRESSIVE;
				CLANG_CXX_LANGUAGE_STANDARD = "gnu++14";
				CLANG_CXX_LIBRARY = "libc++";
				CLANG_ENABLE_MODULES = YES;
				CLANG_ENABLE_OBJC_ARC = YES;
				CLANG_WARN_BLOCK_CAPTURE_AUTORELEASING = YES;
				CLANG_WARN_BOOL_CONVERSION = YES;
				CLANG_WARN_COMMA = YES;
				CLANG_WARN_CONSTANT_CONVERSION = YES;
				CLANG_WARN_DIRECT_OBJC_ISA_USAGE = YES_ERROR;
				CLANG_WARN_DOCUMENTATION_COMMENTS = YES;
				CLANG_WARN_EMPTY_BODY = YES;
				CLANG_WARN_ENUM_CONVERSION = YES;
				CLANG_WARN_INFINITE_RECURSION = YES;
				CLANG_WARN_INT_CONVERSION = YES;
				CLANG_WARN_NON_LITERAL_NULL_CONVERSION = YES;
				CLANG_WARN_OBJC_LITERAL_CONVERSION = YES;
				CLANG_WARN_OBJC_ROOT_CLASS = YES_ERROR;
				CLANG_WARN_RANGE_LOOP_ANALYSIS = YES;
				CLANG_WARN_STRICT_PROTOTYPES = YES;
				CLANG_WARN_SUSPICIOUS_MOVE = YES;
				CLANG_WARN_UNGUARDED_AVAILABILITY = YES_AGGRESSIVE;
				CLANG_WARN_UNREACHABLE_CODE = YES;
				CLANG_WARN__DUPLICATE_METHOD_MATCH = YES;
				CODE_SIGN_IDENTITY = "iPhone Developer";
				COPY_PHASE_STRIP = NO;
				DEBUG_INFORMATION_FORMAT = dwarf;
				ENABLE_STRICT_OBJC_MSGSEND = YES;
				ENABLE_TESTABILITY = YES;
				GCC_C_LANGUAGE_STANDARD = gnu11;
				GCC_DYNAMIC_NO_PIC = NO;
				GCC_NO_COMMON_BLOCKS = YES;
				GCC_OPTIMIZATION_LEVEL = 0;
				GCC_PREPROCESSOR_DEFINITIONS = (
					"DEBUG=1",
					"$(inherited)",
				);
				GCC_WARN_64_TO_32_BIT_CONVERSION = YES;
				GCC_WARN_ABOUT_RETURN_TYPE = YES_ERROR;
				GCC_WARN_UNDECLARED_SELECTOR = YES;
				GCC_WARN_UNINITIALIZED_AUTOS = YES_AGGRESSIVE;
				GCC_WARN_UNUSED_FUNCTION = YES;
				GCC_WARN_UNUSED_VARIABLE = YES;
				IPHONEOS_DEPLOYMENT_TARGET = 11.1;
				MTL_ENABLE_DEBUG_INFO = YES;
				ONLY_ACTIVE_ARCH = YES;
				SDKROOT = iphoneos;
				SWIFT_ACTIVE_COMPILATION_CONDITIONS = DEBUG;
				SWIFT_OPTIMIZATION_LEVEL = "-Onone";
			};
			name = Debug;
		};
		10F4C7711FBDDCF900A5BDEB /* Release */ = {
			isa = XCBuildConfiguration;
			buildSettings = {
				ALWAYS_SEARCH_USER_PATHS = NO;
				CLANG_ANALYZER_NONNULL = YES;
				CLANG_ANALYZER_NUMBER_OBJECT_CONVERSION = YES_AGGRESSIVE;
				CLANG_CXX_LANGUAGE_STANDARD = "gnu++14";
				CLANG_CXX_LIBRARY = "libc++";
				CLANG_ENABLE_MODULES = YES;
				CLANG_ENABLE_OBJC_ARC = YES;
				CLANG_WARN_BLOCK_CAPTURE_AUTORELEASING = YES;
				CLANG_WARN_BOOL_CONVERSION = YES;
				CLANG_WARN_COMMA = YES;
				CLANG_WARN_CONSTANT_CONVERSION = YES;
				CLANG_WARN_DIRECT_OBJC_ISA_USAGE = YES_ERROR;
				CLANG_WARN_DOCUMENTATION_COMMENTS = YES;
				CLANG_WARN_EMPTY_BODY = YES;
				CLANG_WARN_ENUM_CONVERSION = YES;
				CLANG_WARN_INFINITE_RECURSION = YES;
				CLANG_WARN_INT_CONVERSION = YES;
				CLANG_WARN_NON_LITERAL_NULL_CONVERSION = YES;
				CLANG_WARN_OBJC_LITERAL_CONVERSION = YES;
				CLANG_WARN_OBJC_ROOT_CLASS = YES_ERROR;
				CLANG_WARN_RANGE_LOOP_ANALYSIS = YES;
				CLANG_WARN_STRICT_PROTOTYPES = YES;
				CLANG_WARN_SUSPICIOUS_MOVE = YES;
				CLANG_WARN_UNGUARDED_AVAILABILITY = YES_AGGRESSIVE;
				CLANG_WARN_UNREACHABLE_CODE = YES;
				CLANG_WARN__DUPLICATE_METHOD_MATCH = YES;
				CODE_SIGN_IDENTITY = "iPhone Developer";
				COPY_PHASE_STRIP = NO;
				DEBUG_INFORMATION_FORMAT = "dwarf-with-dsym";
				ENABLE_NS_ASSERTIONS = NO;
				ENABLE_STRICT_OBJC_MSGSEND = YES;
				GCC_C_LANGUAGE_STANDARD = gnu11;
				GCC_NO_COMMON_BLOCKS = YES;
				GCC_WARN_64_TO_32_BIT_CONVERSION = YES;
				GCC_WARN_ABOUT_RETURN_TYPE = YES_ERROR;
				GCC_WARN_UNDECLARED_SELECTOR = YES;
				GCC_WARN_UNINITIALIZED_AUTOS = YES_AGGRESSIVE;
				GCC_WARN_UNUSED_FUNCTION = YES;
				GCC_WARN_UNUSED_VARIABLE = YES;
				IPHONEOS_DEPLOYMENT_TARGET = 11.1;
				MTL_ENABLE_DEBUG_INFO = NO;
				SDKROOT = iphoneos;
				SWIFT_OPTIMIZATION_LEVEL = "-Owholemodule";
				VALIDATE_PRODUCT = YES;
			};
			name = Release;
		};
		10F4C7731FBDDCF900A5BDEB /* Debug */ = {
			isa = XCBuildConfiguration;
			baseConfigurationReference = 95B4A6FC1871F961A5152FB6 /* Pods-ios-gurunavi-apikit.debug.xcconfig */;
			buildSettings = {
				ASSETCATALOG_COMPILER_APPICON_NAME = AppIcon;
				CODE_SIGN_STYLE = Automatic;
				DEVELOPMENT_TEAM = KE8PEF6922;
				INFOPLIST_FILE = "ios-gurunavi-apikit/Info.plist";
				IPHONEOS_DEPLOYMENT_TARGET = 11.1;
				LD_RUNPATH_SEARCH_PATHS = "$(inherited) @executable_path/Frameworks";
				PRODUCT_BUNDLE_IDENTIFIER = "com.sundaycarpenter.ios-gurunavi-apikit";
				PRODUCT_NAME = "$(TARGET_NAME)";
				SWIFT_VERSION = 4.0;
				TARGETED_DEVICE_FAMILY = "1,2";
			};
			name = Debug;
		};
		10F4C7741FBDDCF900A5BDEB /* Release */ = {
			isa = XCBuildConfiguration;
			baseConfigurationReference = 62BA7337C69E0A04902954BF /* Pods-ios-gurunavi-apikit.release.xcconfig */;
			buildSettings = {
				ASSETCATALOG_COMPILER_APPICON_NAME = AppIcon;
				CODE_SIGN_STYLE = Automatic;
				DEVELOPMENT_TEAM = KE8PEF6922;
				INFOPLIST_FILE = "ios-gurunavi-apikit/Info.plist";
				IPHONEOS_DEPLOYMENT_TARGET = 11.1;
				LD_RUNPATH_SEARCH_PATHS = "$(inherited) @executable_path/Frameworks";
				PRODUCT_BUNDLE_IDENTIFIER = "com.sundaycarpenter.ios-gurunavi-apikit";
				PRODUCT_NAME = "$(TARGET_NAME)";
				SWIFT_VERSION = 4.0;
				TARGETED_DEVICE_FAMILY = "1,2";
			};
			name = Release;
		};
		10F4C7761FBDDCF900A5BDEB /* Debug */ = {
			isa = XCBuildConfiguration;
			baseConfigurationReference = C3764293FFD6560E43794811 /* Pods-ios-gurunavi-apikitTests.debug.xcconfig */;
			buildSettings = {
				ALWAYS_EMBED_SWIFT_STANDARD_LIBRARIES = YES;
				BUNDLE_LOADER = "$(TEST_HOST)";
				CODE_SIGN_STYLE = Automatic;
				DEVELOPMENT_TEAM = KE8PEF6922;
				INFOPLIST_FILE = "ios-gurunavi-apikitTests/Info.plist";
				LD_RUNPATH_SEARCH_PATHS = "$(inherited) @executable_path/Frameworks @loader_path/Frameworks";
				PRODUCT_BUNDLE_IDENTIFIER = "com.sundaycarpenter.ios-gurunavi-apikitTests";
				PRODUCT_NAME = "$(TARGET_NAME)";
				SWIFT_VERSION = 4.0;
				TARGETED_DEVICE_FAMILY = "1,2";
				TEST_HOST = "$(BUILT_PRODUCTS_DIR)/ios-gurunavi-apikit.app/ios-gurunavi-apikit";
			};
			name = Debug;
		};
		10F4C7771FBDDCF900A5BDEB /* Release */ = {
			isa = XCBuildConfiguration;
			baseConfigurationReference = 157B48076DEDAEF81A6B181C /* Pods-ios-gurunavi-apikitTests.release.xcconfig */;
			buildSettings = {
				ALWAYS_EMBED_SWIFT_STANDARD_LIBRARIES = YES;
				BUNDLE_LOADER = "$(TEST_HOST)";
				CODE_SIGN_STYLE = Automatic;
				DEVELOPMENT_TEAM = KE8PEF6922;
				INFOPLIST_FILE = "ios-gurunavi-apikitTests/Info.plist";
				LD_RUNPATH_SEARCH_PATHS = "$(inherited) @executable_path/Frameworks @loader_path/Frameworks";
				PRODUCT_BUNDLE_IDENTIFIER = "com.sundaycarpenter.ios-gurunavi-apikitTests";
				PRODUCT_NAME = "$(TARGET_NAME)";
				SWIFT_VERSION = 4.0;
				TARGETED_DEVICE_FAMILY = "1,2";
				TEST_HOST = "$(BUILT_PRODUCTS_DIR)/ios-gurunavi-apikit.app/ios-gurunavi-apikit";
			};
			name = Release;
		};
/* End XCBuildConfiguration section */

/* Begin XCConfigurationList section */
		10F4C7501FBDDCF800A5BDEB /* Build configuration list for PBXProject "ios-gurunavi-apikit" */ = {
			isa = XCConfigurationList;
			buildConfigurations = (
				10F4C7701FBDDCF900A5BDEB /* Debug */,
				10F4C7711FBDDCF900A5BDEB /* Release */,
			);
			defaultConfigurationIsVisible = 0;
			defaultConfigurationName = Release;
		};
		10F4C7721FBDDCF900A5BDEB /* Build configuration list for PBXNativeTarget "ios-gurunavi-apikit" */ = {
			isa = XCConfigurationList;
			buildConfigurations = (
				10F4C7731FBDDCF900A5BDEB /* Debug */,
				10F4C7741FBDDCF900A5BDEB /* Release */,
			);
			defaultConfigurationIsVisible = 0;
			defaultConfigurationName = Release;
		};
		10F4C7751FBDDCF900A5BDEB /* Build configuration list for PBXNativeTarget "ios-gurunavi-apikitTests" */ = {
			isa = XCConfigurationList;
			buildConfigurations = (
				10F4C7761FBDDCF900A5BDEB /* Debug */,
				10F4C7771FBDDCF900A5BDEB /* Release */,
			);
			defaultConfigurationIsVisible = 0;
			defaultConfigurationName = Release;
		};
/* End XCConfigurationList section */
	};
	rootObject = 10F4C74D1FBDDCF800A5BDEB /* Project object */;
}
